
Microsoft Visual Studio Solution File, Format Version 12.00
Project("{FAE04EC0-301F-11D3-BF4B-00C04F79EFBC}") = "RomanNumeralConverter", "RomanNumeralConverter\RomanNumeralConverter.csproj", "{900D6D9D-0472-4B2D-9F40-FC7B9746458A}"
EndProject
Project("{FAE04EC0-301F-11D3-BF4B-00C04F79EFBC}") = "RomanNumeralsTest", "RomanNumeralsTest\RomanNumeralsTest.csproj", "{80F155A7-4A5C-4C80-A9CD-41890B0A31FF}"
EndProject
Global
	GlobalSection(SolutionConfigurationPlatforms) = preSolution
		Debug|Any CPU = Debug|Any CPU
		Release|Any CPU = Release|Any CPU
	EndGlobalSection
	GlobalSection(ProjectConfigurationPlatforms) = postSolution
		{900D6D9D-0472-4B2D-9F40-FC7B9746458A}.Debug|Any CPU.ActiveCfg = Debug|Any CPU
		{900D6D9D-0472-4B2D-9F40-FC7B9746458A}.Debug|Any CPU.Build.0 = Debug|Any CPU
		{900D6D9D-0472-4B2D-9F40-FC7B9746458A}.Release|Any CPU.ActiveCfg = Release|Any CPU
		{900D6D9D-0472-4B2D-9F40-FC7B9746458A}.Release|Any CPU.Build.0 = Release|Any CPU
		{80F155A7-4A5C-4C80-A9CD-41890B0A31FF}.Debug|Any CPU.ActiveCfg = Debug|Any CPU
		{80F155A7-4A5C-4C80-A9CD-41890B0A31FF}.Debug|Any CPU.Build.0 = Debug|Any CPU
		{80F155A7-4A5C-4C80-A9CD-41890B0A31FF}.Release|Any CPU.ActiveCfg = Release|Any CPU
		{80F155A7-4A5C-4C80-A9CD-41890B0A31FF}.Release|Any CPU.Build.0 = Release|Any CPU
	EndGlobalSection
EndGlobal
